
Microsoft Visual Studio Solution File, Format Version 12.00
# Visual Studio Version 17
VisualStudioVersion = 17.3.32825.248
MinimumVisualStudioVersion = 10.0.40219.1
Project("{9A19103F-16F7-4668-BE54-9A1E7A4F7556}") = "RestaurantManagement", "RestaurantManagement\RestaurantManagement.csproj", "{72E9AD4B-8FF1-49BE-8DE6-079752D7A614}"
EndProject
Project("{FAE04EC0-301F-11D3-BF4B-00C04F79EFBC}") = "RestaurantManagement.xUnitTestProject", "RestaurantManagement.xUnitTestProject\RestaurantManagement.xUnitTestProject.csproj", "{2E2B4783-3E87-43EC-AC7C-442E666F60F5}"
EndProject
Global
	GlobalSection(SolutionConfigurationPlatforms) = preSolution
		Debug|Any CPU = Debug|Any CPU
		Release|Any CPU = Release|Any CPU
	EndGlobalSection
	GlobalSection(ProjectConfigurationPlatforms) = postSolution
		{72E9AD4B-8FF1-49BE-8DE6-079752D7A614}.Debug|Any CPU.ActiveCfg = Debug|Any CPU
		{72E9AD4B-8FF1-49BE-8DE6-079752D7A614}.Debug|Any CPU.Build.0 = Debug|Any CPU
		{72E9AD4B-8FF1-49BE-8DE6-079752D7A614}.Release|Any CPU.ActiveCfg = Release|Any CPU
		{72E9AD4B-8FF1-49BE-8DE6-079752D7A614}.Release|Any CPU.Build.0 = Release|Any CPU
		{2E2B4783-3E87-43EC-AC7C-442E666F60F5}.Debug|Any CPU.ActiveCfg = Debug|Any CPU
		{2E2B4783-3E87-43EC-AC7C-442E666F60F5}.Debug|Any CPU.Build.0 = Debug|Any CPU
		{2E2B4783-3E87-43EC-AC7C-442E666F60F5}.Release|Any CPU.ActiveCfg = Release|Any CPU
		{2E2B4783-3E87-43EC-AC7C-442E666F60F5}.Release|Any CPU.Build.0 = Release|Any CPU
	EndGlobalSection
	GlobalSection(SolutionProperties) = preSolution
		HideSolutionNode = FALSE
	EndGlobalSection
	GlobalSection(ExtensibilityGlobals) = postSolution
		SolutionGuid = {14A9BDFC-F0A3-45AA-BB7D-C066C2B5D750}
	EndGlobalSection
EndGlobal
